// !$*UTF8*$!
{
	archiveVersion = 1;
	classes = {
	};
	objectVersion = 50;
	objects = {

/* Begin PBXBuildFile section */
		894B1E39C07A36D3D0D37431 /* Pods_Maps_Demo.framework in Frameworks */ = {isa = PBXBuildFile; fileRef = 456C622AAA79BC20C9605D85 /* Pods_Maps_Demo.framework */; };
		97635286228AAA8100AAA7F5 /* AppDelegate.swift in Sources */ = {isa = PBXBuildFile; fileRef = 97635285228AAA8100AAA7F5 /* AppDelegate.swift */; };
		97635288228AAA8100AAA7F5 /* ViewController.swift in Sources */ = {isa = PBXBuildFile; fileRef = 97635287228AAA8100AAA7F5 /* ViewController.swift */; };
		9763528B228AAA8100AAA7F5 /* Main.storyboard in Resources */ = {isa = PBXBuildFile; fileRef = 97635289228AAA8100AAA7F5 /* Main.storyboard */; };
		9763528E228AAA8100AAA7F5 /* Maps_Demo.xcdatamodeld in Sources */ = {isa = PBXBuildFile; fileRef = 9763528C228AAA8100AAA7F5 /* Maps_Demo.xcdatamodeld */; };
		97635290228AAA8200AAA7F5 /* Assets.xcassets in Resources */ = {isa = PBXBuildFile; fileRef = 9763528F228AAA8200AAA7F5 /* Assets.xcassets */; };
		97635293228AAA8200AAA7F5 /* LaunchScreen.storyboard in Resources */ = {isa = PBXBuildFile; fileRef = 97635291228AAA8200AAA7F5 /* LaunchScreen.storyboard */; };
/* End PBXBuildFile section */

/* Begin PBXFileReference section */
		084C77B304700AE2913F2B0D /* Pods-Maps-Demo.debug.xcconfig */ = {isa = PBXFileReference; includeInIndex = 1; lastKnownFileType = text.xcconfig; name = "Pods-Maps-Demo.debug.xcconfig"; path = "Target Support Files/Pods-Maps-Demo/Pods-Maps-Demo.debug.xcconfig"; sourceTree = "<group>"; };
		456C622AAA79BC20C9605D85 /* Pods_Maps_Demo.framework */ = {isa = PBXFileReference; explicitFileType = wrapper.framework; includeInIndex = 0; path = Pods_Maps_Demo.framework; sourceTree = BUILT_PRODUCTS_DIR; };
		97635282228AAA8100AAA7F5 /* Maps-Demo.app */ = {isa = PBXFileReference; explicitFileType = wrapper.application; includeInIndex = 0; path = "Maps-Demo.app"; sourceTree = BUILT_PRODUCTS_DIR; };
		97635285228AAA8100AAA7F5 /* AppDelegate.swift */ = {isa = PBXFileReference; lastKnownFileType = sourcecode.swift; path = AppDelegate.swift; sourceTree = "<group>"; };
		97635287228AAA8100AAA7F5 /* ViewController.swift */ = {isa = PBXFileReference; lastKnownFileType = sourcecode.swift; path = ViewController.swift; sourceTree = "<group>"; };
		9763528A228AAA8100AAA7F5 /* Base */ = {isa = PBXFileReference; lastKnownFileType = file.storyboard; name = Base; path = Base.lproj/Main.storyboard; sourceTree = "<group>"; };
		9763528D228AAA8100AAA7F5 /* Maps_Demo.xcdatamodel */ = {isa = PBXFileReference; lastKnownFileType = wrapper.xcdatamodel; path = Maps_Demo.xcdatamodel; sourceTree = "<group>"; };
		9763528F228AAA8200AAA7F5 /* Assets.xcassets */ = {isa = PBXFileReference; lastKnownFileType = folder.assetcatalog; path = Assets.xcassets; sourceTree = "<group>"; };
		97635292228AAA8200AAA7F5 /* Base */ = {isa = PBXFileReference; lastKnownFileType = file.storyboard; name = Base; path = Base.lproj/LaunchScreen.storyboard; sourceTree = "<group>"; };
		97635294228AAA8200AAA7F5 /* Info.plist */ = {isa = PBXFileReference; lastKnownFileType = text.plist.xml; path = Info.plist; sourceTree = "<group>"; };
		DF565D623E56A4B6D9F82826 /* Pods-Maps-Demo.release.xcconfig */ = {isa = PBXFileReference; includeInIndex = 1; lastKnownFileType = text.xcconfig; name = "Pods-Maps-Demo.release.xcconfig"; path = "Target Support Files/Pods-Maps-Demo/Pods-Maps-Demo.release.xcconfig"; sourceTree = "<group>"; };
/* End PBXFileReference section */

/* Begin PBXFrameworksBuildPhase section */
		9763527F228AAA8100AAA7F5 /* Frameworks */ = {
			isa = PBXFrameworksBuildPhase;
			buildActionMask = 2147483647;
			files = (
				894B1E39C07A36D3D0D37431 /* Pods_Maps_Demo.framework in Frameworks */,
			);
			runOnlyForDeploymentPostprocessing = 0;
		};
/* End PBXFrameworksBuildPhase section */

/* Begin PBXGroup section */
		1A677BE4AF60143EA46C91C2 /* Frameworks */ = {
			isa = PBXGroup;
			children = (
				456C622AAA79BC20C9605D85 /* Pods_Maps_Demo.framework */,
			);
			name = Frameworks;
			sourceTree = "<group>";
		};
		97635279228AAA8100AAA7F5 = {
			isa = PBXGroup;
			children = (
				97635284228AAA8100AAA7F5 /* Maps-Demo */,
				97635283228AAA8100AAA7F5 /* Products */,
				D0D69A0577A040345D750B80 /* Pods */,
				1A677BE4AF60143EA46C91C2 /* Frameworks */,
			);
			sourceTree = "<group>";
		};
		97635283228AAA8100AAA7F5 /* Products */ = {
			isa = PBXGroup;
			children = (
				97635282228AAA8100AAA7F5 /* Maps-Demo.app */,
			);
			name = Products;
			sourceTree = "<group>";
		};
		97635284228AAA8100AAA7F5 /* Maps-Demo */ = {
			isa = PBXGroup;
			children = (
				97635285228AAA8100AAA7F5 /* AppDelegate.swift */,
				97635287228AAA8100AAA7F5 /* ViewController.swift */,
				97635289228AAA8100AAA7F5 /* Main.storyboard */,
				9763528F228AAA8200AAA7F5 /* Assets.xcassets */,
				97635291228AAA8200AAA7F5 /* LaunchScreen.storyboard */,
				97635294228AAA8200AAA7F5 /* Info.plist */,
				9763528C228AAA8100AAA7F5 /* Maps_Demo.xcdatamodeld */,
			);
			path = "Maps-Demo";
			sourceTree = "<group>";
		};
		D0D69A0577A040345D750B80 /* Pods */ = {
			isa = PBXGroup;
			children = (
				084C77B304700AE2913F2B0D /* Pods-Maps-Demo.debug.xcconfig */,
				DF565D623E56A4B6D9F82826 /* Pods-Maps-Demo.release.xcconfig */,
			);
			name = Pods;
			path = Pods;
			sourceTree = "<group>";
		};
/* End PBXGroup section */

/* Begin PBXNativeTarget section */
		97635281228AAA8100AAA7F5 /* Maps-Demo */ = {
			isa = PBXNativeTarget;
			buildConfigurationList = 97635297228AAA8200AAA7F5 /* Build configuration list for PBXNativeTarget "Maps-Demo" */;
			buildPhases = (
				6259F51596D9A8D9BA3B2E63 /* [CP] Check Pods Manifest.lock */,
				9763527E228AAA8100AAA7F5 /* Sources */,
				9763527F228AAA8100AAA7F5 /* Frameworks */,
				97635280228AAA8100AAA7F5 /* Resources */,
				8FDEA07C4C947C7B7F963062 /* [CP] Copy Pods Resources */,
			);
			buildRules = (
			);
			dependencies = (
			);
			name = "Maps-Demo";
			productName = "Maps-Demo";
			productReference = 97635282228AAA8100AAA7F5 /* Maps-Demo.app */;
			productType = "com.apple.product-type.application";
		};
/* End PBXNativeTarget section */

/* Begin PBXProject section */
		9763527A228AAA8100AAA7F5 /* Project object */ = {
			isa = PBXProject;
			attributes = {
				LastSwiftUpdateCheck = 1000;
				LastUpgradeCheck = 1000;
				ORGANIZATIONNAME = Vu;
				TargetAttributes = {
					97635281228AAA8100AAA7F5 = {
						CreatedOnToolsVersion = 10.0;
					};
				};
			};
			buildConfigurationList = 9763527D228AAA8100AAA7F5 /* Build configuration list for PBXProject "Maps-Demo" */;
			compatibilityVersion = "Xcode 9.3";
			developmentRegion = en;
			hasScannedForEncodings = 0;
			knownRegions = (
				en,
				Base,
			);
			mainGroup = 97635279228AAA8100AAA7F5;
			productRefGroup = 97635283228AAA8100AAA7F5 /* Products */;
			projectDirPath = "";
			projectRoot = "";
			targets = (
				97635281228AAA8100AAA7F5 /* Maps-Demo */,
			);
		};
/* End PBXProject section */

/* Begin PBXResourcesBuildPhase section */
		97635280228AAA8100AAA7F5 /* Resources */ = {
			isa = PBXResourcesBuildPhase;
			buildActionMask = 2147483647;
			files = (
				97635293228AAA8200AAA7F5 /* LaunchScreen.storyboard in Resources */,
				97635290228AAA8200AAA7F5 /* Assets.xcassets in Resources */,
				9763528B228AAA8100AAA7F5 /* Main.storyboard in Resources */,
			);
			runOnlyForDeploymentPostprocessing = 0;
		};
/* End PBXResourcesBuildPhase section */

/* Begin PBXShellScriptBuildPhase section */
		6259F51596D9A8D9BA3B2E63 /* [CP] Check Pods Manifest.lock */ = {
			isa = PBXShellScriptBuildPhase;
			buildActionMask = 2147483647;
			files = (
			);
			inputFileListPaths = (
			);
			inputPaths = (
				"${PODS_PODFILE_DIR_PATH}/Podfile.lock",
				"${PODS_ROOT}/Manifest.lock",
			);
			name = "[CP] Check Pods Manifest.lock";
			outputFileListPaths = (
			);
			outputPaths = (
				"$(DERIVED_FILE_DIR)/Pods-Maps-Demo-checkManifestLockResult.txt",
			);
			runOnlyForDeploymentPostprocessing = 0;
			shellPath = /bin/sh;
			shellScript = "diff \"${PODS_PODFILE_DIR_PATH}/Podfile.lock\" \"${PODS_ROOT}/Manifest.lock\" > /dev/null\nif [ $? != 0 ] ; then\n    # print error to STDERR\n    echo \"error: The sandbox is not in sync with the Podfile.lock. Run 'pod install' or update your CocoaPods installation.\" >&2\n    exit 1\nfi\n# This output is used by Xcode 'outputs' to avoid re-running this script phase.\necho \"SUCCESS\" > \"${SCRIPT_OUTPUT_FILE_0}\"\n";
			showEnvVarsInLog = 0;
		};
		8FDEA07C4C947C7B7F963062 /* [CP] Copy Pods Resources */ = {
			isa = PBXShellScriptBuildPhase;
			buildActionMask = 2147483647;
			files = (
			);
			inputFileListPaths = (
			);
			inputPaths = (
				"${PODS_ROOT}/Target Support Files/Pods-Maps-Demo/Pods-Maps-Demo-resources.sh",
				"${PODS_ROOT}/GoogleMaps/Maps/Frameworks/GoogleMaps.framework/Resources/GoogleMaps.bundle",
				"${PODS_ROOT}/GooglePlaces/Frameworks/GooglePlaces.framework/Resources/GooglePlaces.bundle",
			);
			name = "[CP] Copy Pods Resources";
			outputFileListPaths = (
			);
			outputPaths = (
				"${TARGET_BUILD_DIR}/${UNLOCALIZED_RESOURCES_FOLDER_PATH}/GoogleMaps.bundle",
				"${TARGET_BUILD_DIR}/${UNLOCALIZED_RESOURCES_FOLDER_PATH}/GooglePlaces.bundle",
			);
			runOnlyForDeploymentPostprocessing = 0;
			shellPath = /bin/sh;
			shellScript = "\"${PODS_ROOT}/Target Support Files/Pods-Maps-Demo/Pods-Maps-Demo-resources.sh\"\n";
			showEnvVarsInLog = 0;
		};
/* End PBXShellScriptBuildPhase section */

/* Begin PBXSourcesBuildPhase section */
		9763527E228AAA8100AAA7F5 /* Sources */ = {
			isa = PBXSourcesBuildPhase;
			buildActionMask = 2147483647;
			files = (
				97635288228AAA8100AAA7F5 /* ViewController.swift in Sources */,
				97635286228AAA8100AAA7F5 /* AppDelegate.swift in Sources */,
				9763528E228AAA8100AAA7F5 /* Maps_Demo.xcdatamodeld in Sources */,
			);
			runOnlyForDeploymentPostprocessing = 0;
		};
/* End PBXSourcesBuildPhase section */

/* Begin PBXVariantGroup section */
		97635289228AAA8100AAA7F5 /* Main.storyboard */ = {
			isa = PBXVariantGroup;
			children = (
				9763528A228AAA8100AAA7F5 /* Base */,
			);
			name = Main.storyboard;
			sourceTree = "<group>";
		};
		97635291228AAA8200AAA7F5 /* LaunchScreen.storyboard */ = {
			isa = PBXVariantGroup;
			children = (
				97635292228AAA8200AAA7F5 /* Base */,
			);
			name = LaunchScreen.storyboard;
			sourceTree = "<group>";
		};
/* End PBXVariantGroup section */

/* Begin XCBuildConfiguration section */
		97635295228AAA8200AAA7F5 /* Debug */ = {
			isa = XCBuildConfiguration;
			buildSettings = {
				ALWAYS_SEARCH_USER_PATHS = NO;
				CLANG_ANALYZER_NONNULL = YES;
				CLANG_ANALYZER_NUMBER_OBJECT_CONVERSION = YES_AGGRESSIVE;
				CLANG_CXX_LANGUAGE_STANDARD = "gnu++14";
				CLANG_CXX_LIBRARY = "libc++";
				CLANG_ENABLE_MODULES = YES;
				CLANG_ENABLE_OBJC_ARC = YES;
				CLANG_ENABLE_OBJC_WEAK = YES;
				CLANG_WARN_BLOCK_CAPTURE_AUTORELEASING = YES;
				CLANG_WARN_BOOL_CONVERSION = YES;
				CLANG_WARN_COMMA = YES;
				CLANG_WARN_CONSTANT_CONVERSION = YES;
				CLANG_WARN_DEPRECATED_OBJC_IMPLEMENTATIONS = YES;
				CLANG_WARN_DIRECT_OBJC_ISA_USAGE = YES_ERROR;
				CLANG_WARN_DOCUMENTATION_COMMENTS = YES;
				CLANG_WARN_EMPTY_BODY = YES;
				CLANG_WARN_ENUM_CONVERSION = YES;
				CLANG_WARN_INFINITE_RECURSION = YES;
				CLANG_WARN_INT_CONVERSION = YES;
				CLANG_WARN_NON_LITERAL_NULL_CONVERSION = YES;
				CLANG_WARN_OBJC_IMPLICIT_RETAIN_SELF = YES;
				CLANG_WARN_OBJC_LITERAL_CONVERSION = YES;
				CLANG_WARN_OBJC_ROOT_CLASS = YES_ERROR;
				CLANG_WARN_RANGE_LOOP_ANALYSIS = YES;
				CLANG_WARN_STRICT_PROTOTYPES = YES;
				CLANG_WARN_SUSPICIOUS_MOVE = YES;
				CLANG_WARN_UNGUARDED_AVAILABILITY = YES_AGGRESSIVE;
				CLANG_WARN_UNREACHABLE_CODE = YES;
				CLANG_WARN__DUPLICATE_METHOD_MATCH = YES;
				CODE_SIGN_IDENTITY = "iPhone Developer";
				COPY_PHASE_STRIP = NO;
				DEBUG_INFORMATION_FORMAT = dwarf;
				ENABLE_STRICT_OBJC_MSGSEND = YES;
				ENABLE_TESTABILITY = YES;
				GCC_C_LANGUAGE_STANDARD = gnu11;
				GCC_DYNAMIC_NO_PIC = NO;
				GCC_NO_COMMON_BLOCKS = YES;
				GCC_OPTIMIZATION_LEVEL = 0;
				GCC_PREPROCESSOR_DEFINITIONS = (
					"DEBUG=1",
					"$(inherited)",
				);
				GCC_WARN_64_TO_32_BIT_CONVERSION = YES;
				GCC_WARN_ABOUT_RETURN_TYPE = YES_ERROR;
				GCC_WARN_UNDECLARED_SELECTOR = YES;
				GCC_WARN_UNINITIALIZED_AUTOS = YES_AGGRESSIVE;
				GCC_WARN_UNUSED_FUNCTION = YES;
				GCC_WARN_UNUSED_VARIABLE = YES;
				IPHONEOS_DEPLOYMENT_TARGET = 12.0;
				MTL_ENABLE_DEBUG_INFO = INCLUDE_SOURCE;
				MTL_FAST_MATH = YES;
				ONLY_ACTIVE_ARCH = YES;
				SDKROOT = iphoneos;
				SWIFT_ACTIVE_COMPILATION_CONDITIONS = DEBUG;
				SWIFT_OPTIMIZATION_LEVEL = "-Onone";
			};
			name = Debug;
		};
		97635296228AAA8200AAA7F5 /* Release */ = {
			isa = XCBuildConfiguration;
			buildSettings = {
				ALWAYS_SEARCH_USER_PATHS = NO;
				CLANG_ANALYZER_NONNULL = YES;
				CLANG_ANALYZER_NUMBER_OBJECT_CONVERSION = YES_AGGRESSIVE;
				CLANG_CXX_LANGUAGE_STANDARD = "gnu++14";
				CLANG_CXX_LIBRARY = "libc++";
				CLANG_ENABLE_MODULES = YES;
				CLANG_ENABLE_OBJC_ARC = YES;
				CLANG_ENABLE_OBJC_WEAK = YES;
				CLANG_WARN_BLOCK_CAPTURE_AUTORELEASING = YES;
				CLANG_WARN_BOOL_CONVERSION = YES;
				CLANG_WARN_COMMA = YES;
				CLANG_WARN_CONSTANT_CONVERSION = YES;
				CLANG_WARN_DEPRECATED_OBJC_IMPLEMENTATIONS = YES;
				CLANG_WARN_DIRECT_OBJC_ISA_USAGE = YES_ERROR;
				CLANG_WARN_DOCUMENTATION_COMMENTS = YES;
				CLANG_WARN_EMPTY_BODY = YES;
				CLANG_WARN_ENUM_CONVERSION = YES;
				CLANG_WARN_INFINITE_RECURSION = YES;
				CLANG_WARN_INT_CONVERSION = YES;
				CLANG_WARN_NON_LITERAL_NULL_CONVERSION = YES;
				CLANG_WARN_OBJC_IMPLICIT_RETAIN_SELF = YES;
				CLANG_WARN_OBJC_LITERAL_CONVERSION = YES;
				CLANG_WARN_OBJC_ROOT_CLASS = YES_ERROR;
				CLANG_WARN_RANGE_LOOP_ANALYSIS = YES;
				CLANG_WARN_STRICT_PROTOTYPES = YES;
				CLANG_WARN_SUSPICIOUS_MOVE = YES;
				CLANG_WARN_UNGUARDED_AVAILABILITY = YES_AGGRESSIVE;
				CLANG_WARN_UNREACHABLE_CODE = YES;
				CLANG_WARN__DUPLICATE_METHOD_MATCH = YES;
				CODE_SIGN_IDENTITY = "iPhone Developer";
				COPY_PHASE_STRIP = NO;
				DEBUG_INFORMATION_FORMAT = "dwarf-with-dsym";
				ENABLE_NS_ASSERTIONS = NO;
				ENABLE_STRICT_OBJC_MSGSEND = YES;
				GCC_C_LANGUAGE_STANDARD = gnu11;
				GCC_NO_COMMON_BLOCKS = YES;
				GCC_WARN_64_TO_32_BIT_CONVERSION = YES;
				GCC_WARN_ABOUT_RETURN_TYPE = YES_ERROR;
				GCC_WARN_UNDECLARED_SELECTOR = YES;
				GCC_WARN_UNINITIALIZED_AUTOS = YES_AGGRESSIVE;
				GCC_WARN_UNUSED_FUNCTION = YES;
				GCC_WARN_UNUSED_VARIABLE = YES;
				IPHONEOS_DEPLOYMENT_TARGET = 12.0;
				MTL_ENABLE_DEBUG_INFO = NO;
				MTL_FAST_MATH = YES;
				SDKROOT = iphoneos;
				SWIFT_COMPILATION_MODE = wholemodule;
				SWIFT_OPTIMIZATION_LEVEL = "-O";
				VALIDATE_PRODUCT = YES;
			};
			name = Release;
		};
		97635298228AAA8200AAA7F5 /* Debug */ = {
			isa = XCBuildConfiguration;
			baseConfigurationReference = 084C77B304700AE2913F2B0D /* Pods-Maps-Demo.debug.xcconfig */;
			buildSettings = {
				ASSETCATALOG_COMPILER_APPICON_NAME = AppIcon;
				CODE_SIGN_STYLE = Automatic;
				INFOPLIST_FILE = "Maps-Demo/Info.plist";
				LD_RUNPATH_SEARCH_PATHS = (
					"$(inherited)",
					"@executable_path/Frameworks",
				);
				PRODUCT_BUNDLE_IDENTIFIER = "-.Maps-Demo";
				PRODUCT_NAME = "$(TARGET_NAME)";
				SWIFT_VERSION = 4.2;
				TARGETED_DEVICE_FAMILY = "1,2";
			};
			name = Debug;
		};
		97635299228AAA8200AAA7F5 /* Release */ = {
			isa = XCBuildConfiguration;
			baseConfigurationReference = DF565D623E56A4B6D9F82826 /* Pods-Maps-Demo.release.xcconfig */;
			buildSettings = {
				ASSETCATALOG_COMPILER_APPICON_NAME = AppIcon;
				CODE_SIGN_STYLE = Automatic;
				INFOPLIST_FILE = "Maps-Demo/Info.plist";
				LD_RUNPATH_SEARCH_PATHS = (
					"$(inherited)",
					"@executable_path/Frameworks",
				);
				PRODUCT_BUNDLE_IDENTIFIER = "-.Maps-Demo";
				PRODUCT_NAME = "$(TARGET_NAME)";
				SWIFT_VERSION = 4.2;
				TARGETED_DEVICE_FAMILY = "1,2";
			};
			name = Release;
		};
/* End XCBuildConfiguration section */

/* Begin XCConfigurationList section */
		9763527D228AAA8100AAA7F5 /* Build configuration list for PBXProject "Maps-Demo" */ = {
			isa = XCConfigurationList;
			buildConfigurations = (
				97635295228AAA8200AAA7F5 /* Debug */,
				97635296228AAA8200AAA7F5 /* Release */,
			);
			defaultConfigurationIsVisible = 0;
			defaultConfigurationName = Release;
		};
		97635297228AAA8200AAA7F5 /* Build configuration list for PBXNativeTarget "Maps-Demo" */ = {
			isa = XCConfigurationList;
			buildConfigurations = (
				97635298228AAA8200AAA7F5 /* Debug */,
				97635299228AAA8200AAA7F5 /* Release */,
			);
			defaultConfigurationIsVisible = 0;
			defaultConfigurationName = Release;
		};
/* End XCConfigurationList section */

/* Begin XCVersionGroup section */
		9763528C228AAA8100AAA7F5 /* Maps_Demo.xcdatamodeld */ = {
			isa = XCVersionGroup;
			children = (
				9763528D228AAA8100AAA7F5 /* Maps_Demo.xcdatamodel */,
			);
			currentVersion = 9763528D228AAA8100AAA7F5 /* Maps_Demo.xcdatamodel */;
			path = Maps_Demo.xcdatamodeld;
			sourceTree = "<group>";
			versionGroupType = wrapper.xcdatamodel;
		};
/* End XCVersionGroup section */
	};
	rootObject = 9763527A228AAA8100AAA7F5 /* Project object */;
}
